
Microsoft Visual Studio Solution File, Format Version 12.00
# Visual Studio Version 16
VisualStudioVersion = 16.0.29728.190
MinimumVisualStudioVersion = 10.0.40219.1
Project("{9A19103F-16F7-4668-BE54-9A1E7A4F7556}") = "GrpcServiceDemo", "GrpcServiceDemo\GrpcServiceDemo.csproj", "{EECE7A39-921C-4389-872D-E346F1E6761D}"
EndProject
Project("{FAE04EC0-301F-11D3-BF4B-00C04F79EFBC}") = "Client", "Client\Client.csproj", "{A132C46C-C14B-4158-A290-20C301DE4364}"
EndProject
Global
	GlobalSection(SolutionConfigurationPlatforms) = preSolution
		Debug|Any CPU = Debug|Any CPU
		Release|Any CPU = Release|Any CPU
	EndGlobalSection
	GlobalSection(ProjectConfigurationPlatforms) = postSolution
		{EECE7A39-921C-4389-872D-E346F1E6761D}.Debug|Any CPU.ActiveCfg = Debug|Any CPU
		{EECE7A39-921C-4389-872D-E346F1E6761D}.Debug|Any CPU.Build.0 = Debug|Any CPU
		{EECE7A39-921C-4389-872D-E346F1E6761D}.Release|Any CPU.ActiveCfg = Release|Any CPU
		{EECE7A39-921C-4389-872D-E346F1E6761D}.Release|Any CPU.Build.0 = Release|Any CPU
		{A132C46C-C14B-4158-A290-20C301DE4364}.Debug|Any CPU.ActiveCfg = Debug|Any CPU
		{A132C46C-C14B-4158-A290-20C301DE4364}.Debug|Any CPU.Build.0 = Debug|Any CPU
		{A132C46C-C14B-4158-A290-20C301DE4364}.Release|Any CPU.ActiveCfg = Release|Any CPU
		{A132C46C-C14B-4158-A290-20C301DE4364}.Release|Any CPU.Build.0 = Release|Any CPU
	EndGlobalSection
	GlobalSection(SolutionProperties) = preSolution
		HideSolutionNode = FALSE
	EndGlobalSection
	GlobalSection(ExtensibilityGlobals) = postSolution
		SolutionGuid = {1576C5DE-21D8-4A78-89B5-F8D1AA4A5BBA}
	EndGlobalSection
EndGlobal
